
Microsoft Visual Studio Solution File, Format Version 12.00
# Visual Studio 14
VisualStudioVersion = 14.0.24720.0
MinimumVisualStudioVersion = 10.0.40219.1
Project("{2150E333-8FDC-42A3-9474-1A3956D46DE8}") = "Model_Interface", "Model_Interface", "{54B65C67-3AF2-46B7-B61F-D78E9EE40652}"
EndProject
Project("{FAE04EC0-301F-11D3-BF4B-00C04F79EFBC}") = "Platform.Model", "Model\Platform.Model.csproj", "{E4E9C8A0-E605-484C-B14E-5F9302A71386}"
EndProject
Project("{2150E333-8FDC-42A3-9474-1A3956D46DE8}") = "PlatformCommon", "PlatformCommon", "{DEF75C74-1BFB-4914-86F7-34A93468F73F}"
EndProject
Project("{FAE04EC0-301F-11D3-BF4B-00C04F79EFBC}") = "Platform.Common", "Platform.Common\Platform.Common.csproj", "{1328EE07-F6C6-4762-8D87-45D026F60DD8}"
EndProject
Project("{2150E333-8FDC-42A3-9474-1A3956D46DE8}") = "Utility", "Utility", "{FA2AA155-037E-4C5F-BFBE-61EB6112FB9B}"
EndProject
Project("{FAE04EC0-301F-11D3-BF4B-00C04F79EFBC}") = "Platform.Utility", "Platform.Utility\Platform.Utility.csproj", "{95B28F0D-C7D4-479C-AABF-E0F8B4B0E06C}"
EndProject
Project("{2150E333-8FDC-42A3-9474-1A3956D46DE8}") = "Repository", "Repository", "{02A70BE2-1106-4495-BCFE-64E88E55C06E}"
EndProject
Project("{FAE04EC0-301F-11D3-BF4B-00C04F79EFBC}") = "Platform.Repository", "Platform.Repository\Platform.Repository.csproj", "{3CAF3855-4870-4065-8755-5AF2897BD10A}"
EndProject
Project("{2150E333-8FDC-42A3-9474-1A3956D46DE8}") = "Process", "Process", "{8417CC2C-4AC0-489A-B7E3-814B2CC96644}"
EndProject
Project("{FAE04EC0-301F-11D3-BF4B-00C04F79EFBC}") = "Platform.Process", "Platform.Process\Platform.Process.csproj", "{9BB3C321-2F61-4EFE-9315-B1A035470A57}"
EndProject
Project("{2150E333-8FDC-42A3-9474-1A3956D46DE8}") = "Business", "Business", "{80AEBD73-0D67-436A-9FBB-38092240A79A}"
EndProject
Project("{FAE04EC0-301F-11D3-BF4B-00C04F79EFBC}") = "Web_Cloud_Platform", "Web_Cloud_Platform\Web_Cloud_Platform.csproj", "{C723121B-DEFD-49E7-82A4-DD1EF3FD5769}"
EndProject
Project("{2150E333-8FDC-42A3-9474-1A3956D46DE8}") = "AdminTools", "AdminTools", "{73B9A9F2-36E5-4376-8C32-9CA64CBB910B}"
EndProject
Project("{FAE04EC0-301F-11D3-BF4B-00C04F79EFBC}") = "WdAdminTools", "WdAdminTools\WdAdminTools.csproj", "{003D437E-3634-41E6-AC2E-8AC8B10DEF1D}"
EndProject
Project("{FAE04EC0-301F-11D3-BF4B-00C04F79EFBC}") = "Platform.ProtocolCoding", "Platform.ProtocolCoding\Platform.ProtocolCoding.csproj", "{7924589D-FB3D-4496-8F48-C9DD58FF1574}"
EndProject
Project("{2150E333-8FDC-42A3-9474-1A3956D46DE8}") = "zTestProject", "zTestProject", "{1A8B85F6-2DEB-41AD-B3D0-A8E30A8A75D2}"
EndProject
Project("{FAE04EC0-301F-11D3-BF4B-00C04F79EFBC}") = "TestConsole", "TestConsole\TestConsole.csproj", "{36163146-A970-46FE-A259-A2B01B87C472}"
EndProject
Project("{FAE04EC0-301F-11D3-BF4B-00C04F79EFBC}") = "WdTech_Protocol_AdminTools", "WdTech_Protocol_AdminTools\WdTech_Protocol_AdminTools.csproj", "{7EFF150A-22D6-4062-B626-BE67CFD21CC9}"
EndProject
Project("{FAE04EC0-301F-11D3-BF4B-00C04F79EFBC}") = "MisakaBanZai", "MisakaBanZai\MisakaBanZai.csproj", "{93604FE4-DEB4-41AB-96D8-163E05F853EB}"
EndProject
Project("{FAE04EC0-301F-11D3-BF4B-00C04F79EFBC}") = "Platform.Cache", "Platform.Cache\Platform.Cache.csproj", "{5EE1E1C1-00A8-4D4C-A0EA-55CB528F7ED7}"
EndProject
Global
	GlobalSection(SolutionConfigurationPlatforms) = preSolution
		Debug|Any CPU = Debug|Any CPU
		Release|Any CPU = Release|Any CPU
	EndGlobalSection
	GlobalSection(ProjectConfigurationPlatforms) = postSolution
		{E4E9C8A0-E605-484C-B14E-5F9302A71386}.Debug|Any CPU.ActiveCfg = Debug|Any CPU
		{E4E9C8A0-E605-484C-B14E-5F9302A71386}.Debug|Any CPU.Build.0 = Debug|Any CPU
		{E4E9C8A0-E605-484C-B14E-5F9302A71386}.Release|Any CPU.ActiveCfg = Release|Any CPU
		{E4E9C8A0-E605-484C-B14E-5F9302A71386}.Release|Any CPU.Build.0 = Release|Any CPU
		{1328EE07-F6C6-4762-8D87-45D026F60DD8}.Debug|Any CPU.ActiveCfg = Debug|Any CPU
		{1328EE07-F6C6-4762-8D87-45D026F60DD8}.Debug|Any CPU.Build.0 = Debug|Any CPU
		{1328EE07-F6C6-4762-8D87-45D026F60DD8}.Release|Any CPU.ActiveCfg = Release|Any CPU
		{1328EE07-F6C6-4762-8D87-45D026F60DD8}.Release|Any CPU.Build.0 = Release|Any CPU
		{95B28F0D-C7D4-479C-AABF-E0F8B4B0E06C}.Debug|Any CPU.ActiveCfg = Debug|Any CPU
		{95B28F0D-C7D4-479C-AABF-E0F8B4B0E06C}.Debug|Any CPU.Build.0 = Debug|Any CPU
		{95B28F0D-C7D4-479C-AABF-E0F8B4B0E06C}.Release|Any CPU.ActiveCfg = Release|Any CPU
		{95B28F0D-C7D4-479C-AABF-E0F8B4B0E06C}.Release|Any CPU.Build.0 = Release|Any CPU
		{3CAF3855-4870-4065-8755-5AF2897BD10A}.Debug|Any CPU.ActiveCfg = Debug|Any CPU
		{3CAF3855-4870-4065-8755-5AF2897BD10A}.Debug|Any CPU.Build.0 = Debug|Any CPU
		{3CAF3855-4870-4065-8755-5AF2897BD10A}.Release|Any CPU.ActiveCfg = Release|Any CPU
		{3CAF3855-4870-4065-8755-5AF2897BD10A}.Release|Any CPU.Build.0 = Release|Any CPU
		{9BB3C321-2F61-4EFE-9315-B1A035470A57}.Debug|Any CPU.ActiveCfg = Debug|Any CPU
		{9BB3C321-2F61-4EFE-9315-B1A035470A57}.Debug|Any CPU.Build.0 = Debug|Any CPU
		{9BB3C321-2F61-4EFE-9315-B1A035470A57}.Release|Any CPU.ActiveCfg = Release|Any CPU
		{9BB3C321-2F61-4EFE-9315-B1A035470A57}.Release|Any CPU.Build.0 = Release|Any CPU
		{C723121B-DEFD-49E7-82A4-DD1EF3FD5769}.Debug|Any CPU.ActiveCfg = Debug|Any CPU
		{C723121B-DEFD-49E7-82A4-DD1EF3FD5769}.Debug|Any CPU.Build.0 = Debug|Any CPU
		{C723121B-DEFD-49E7-82A4-DD1EF3FD5769}.Release|Any CPU.ActiveCfg = Release|Any CPU
		{C723121B-DEFD-49E7-82A4-DD1EF3FD5769}.Release|Any CPU.Build.0 = Release|Any CPU
		{003D437E-3634-41E6-AC2E-8AC8B10DEF1D}.Debug|Any CPU.ActiveCfg = Debug|Any CPU
		{003D437E-3634-41E6-AC2E-8AC8B10DEF1D}.Debug|Any CPU.Build.0 = Debug|Any CPU
		{003D437E-3634-41E6-AC2E-8AC8B10DEF1D}.Release|Any CPU.ActiveCfg = Release|Any CPU
		{003D437E-3634-41E6-AC2E-8AC8B10DEF1D}.Release|Any CPU.Build.0 = Release|Any CPU
		{7924589D-FB3D-4496-8F48-C9DD58FF1574}.Debug|Any CPU.ActiveCfg = Debug|Any CPU
		{7924589D-FB3D-4496-8F48-C9DD58FF1574}.Debug|Any CPU.Build.0 = Debug|Any CPU
		{7924589D-FB3D-4496-8F48-C9DD58FF1574}.Release|Any CPU.ActiveCfg = Release|Any CPU
		{7924589D-FB3D-4496-8F48-C9DD58FF1574}.Release|Any CPU.Build.0 = Release|Any CPU
		{36163146-A970-46FE-A259-A2B01B87C472}.Debug|Any CPU.ActiveCfg = Debug|Any CPU
		{36163146-A970-46FE-A259-A2B01B87C472}.Debug|Any CPU.Build.0 = Debug|Any CPU
		{36163146-A970-46FE-A259-A2B01B87C472}.Release|Any CPU.ActiveCfg = Release|Any CPU
		{36163146-A970-46FE-A259-A2B01B87C472}.Release|Any CPU.Build.0 = Release|Any CPU
		{7EFF150A-22D6-4062-B626-BE67CFD21CC9}.Debug|Any CPU.ActiveCfg = Debug|Any CPU
		{7EFF150A-22D6-4062-B626-BE67CFD21CC9}.Debug|Any CPU.Build.0 = Debug|Any CPU
		{7EFF150A-22D6-4062-B626-BE67CFD21CC9}.Release|Any CPU.ActiveCfg = Release|Any CPU
		{7EFF150A-22D6-4062-B626-BE67CFD21CC9}.Release|Any CPU.Build.0 = Release|Any CPU
		{93604FE4-DEB4-41AB-96D8-163E05F853EB}.Debug|Any CPU.ActiveCfg = Debug|Any CPU
		{93604FE4-DEB4-41AB-96D8-163E05F853EB}.Debug|Any CPU.Build.0 = Debug|Any CPU
		{93604FE4-DEB4-41AB-96D8-163E05F853EB}.Release|Any CPU.ActiveCfg = Release|Any CPU
		{93604FE4-DEB4-41AB-96D8-163E05F853EB}.Release|Any CPU.Build.0 = Release|Any CPU
		{5EE1E1C1-00A8-4D4C-A0EA-55CB528F7ED7}.Debug|Any CPU.ActiveCfg = Debug|Any CPU
		{5EE1E1C1-00A8-4D4C-A0EA-55CB528F7ED7}.Debug|Any CPU.Build.0 = Debug|Any CPU
		{5EE1E1C1-00A8-4D4C-A0EA-55CB528F7ED7}.Release|Any CPU.ActiveCfg = Release|Any CPU
		{5EE1E1C1-00A8-4D4C-A0EA-55CB528F7ED7}.Release|Any CPU.Build.0 = Release|Any CPU
	EndGlobalSection
	GlobalSection(SolutionProperties) = preSolution
		HideSolutionNode = FALSE
	EndGlobalSection
	GlobalSection(NestedProjects) = preSolution
		{E4E9C8A0-E605-484C-B14E-5F9302A71386} = {54B65C67-3AF2-46B7-B61F-D78E9EE40652}
		{1328EE07-F6C6-4762-8D87-45D026F60DD8} = {DEF75C74-1BFB-4914-86F7-34A93468F73F}
		{95B28F0D-C7D4-479C-AABF-E0F8B4B0E06C} = {FA2AA155-037E-4C5F-BFBE-61EB6112FB9B}
		{3CAF3855-4870-4065-8755-5AF2897BD10A} = {02A70BE2-1106-4495-BCFE-64E88E55C06E}
		{9BB3C321-2F61-4EFE-9315-B1A035470A57} = {8417CC2C-4AC0-489A-B7E3-814B2CC96644}
		{C723121B-DEFD-49E7-82A4-DD1EF3FD5769} = {80AEBD73-0D67-436A-9FBB-38092240A79A}
		{003D437E-3634-41E6-AC2E-8AC8B10DEF1D} = {73B9A9F2-36E5-4376-8C32-9CA64CBB910B}
		{7924589D-FB3D-4496-8F48-C9DD58FF1574} = {8417CC2C-4AC0-489A-B7E3-814B2CC96644}
		{36163146-A970-46FE-A259-A2B01B87C472} = {1A8B85F6-2DEB-41AD-B3D0-A8E30A8A75D2}
		{7EFF150A-22D6-4062-B626-BE67CFD21CC9} = {73B9A9F2-36E5-4376-8C32-9CA64CBB910B}
		{93604FE4-DEB4-41AB-96D8-163E05F853EB} = {73B9A9F2-36E5-4376-8C32-9CA64CBB910B}
		{5EE1E1C1-00A8-4D4C-A0EA-55CB528F7ED7} = {8417CC2C-4AC0-489A-B7E3-814B2CC96644}
	EndGlobalSection
EndGlobal
