
Microsoft Visual Studio Solution File, Format Version 12.00
# Visual Studio 14
VisualStudioVersion = 14.0.25420.1
MinimumVisualStudioVersion = 10.0.40219.1
Project("{2150E333-8FDC-42A3-9474-1A3956D46DE8}") = "Model_Interface", "Model_Interface", "{54B65C67-3AF2-46B7-B61F-D78E9EE40652}"
EndProject
Project("{FAE04EC0-301F-11D3-BF4B-00C04F79EFBC}") = "Platform.Model", "Model\Platform.Model.csproj", "{E4E9C8A0-E605-484C-B14E-5F9302A71386}"
EndProject
Project("{2150E333-8FDC-42A3-9474-1A3956D46DE8}") = "PlatformCommon", "PlatformCommon", "{DEF75C74-1BFB-4914-86F7-34A93468F73F}"
EndProject
Project("{FAE04EC0-301F-11D3-BF4B-00C04F79EFBC}") = "Platform.Common", "Platform.Common\Platform.Common.csproj", "{1328EE07-F6C6-4762-8D87-45D026F60DD8}"
EndProject
Project("{2150E333-8FDC-42A3-9474-1A3956D46DE8}") = "Utility", "Utility", "{FA2AA155-037E-4C5F-BFBE-61EB6112FB9B}"
EndProject
Project("{FAE04EC0-301F-11D3-BF4B-00C04F79EFBC}") = "Platform.Utility", "Platform.Utility\Platform.Utility.csproj", "{95B28F0D-C7D4-479C-AABF-E0F8B4B0E06C}"
EndProject
Project("{2150E333-8FDC-42A3-9474-1A3956D46DE8}") = "Repository", "Repository", "{02A70BE2-1106-4495-BCFE-64E88E55C06E}"
EndProject
Project("{FAE04EC0-301F-11D3-BF4B-00C04F79EFBC}") = "Platform.Repository", "Platform.Repository\Platform.Repository.csproj", "{3CAF3855-4870-4065-8755-5AF2897BD10A}"
EndProject
Project("{2150E333-8FDC-42A3-9474-1A3956D46DE8}") = "Process", "Process", "{8417CC2C-4AC0-489A-B7E3-814B2CC96644}"
EndProject
Project("{FAE04EC0-301F-11D3-BF4B-00C04F79EFBC}") = "Platform.Process", "Platform.Process\Platform.Process.csproj", "{9BB3C321-2F61-4EFE-9315-B1A035470A57}"
EndProject
Project("{2150E333-8FDC-42A3-9474-1A3956D46DE8}") = "Business", "Business", "{80AEBD73-0D67-436A-9FBB-38092240A79A}"
EndProject
Project("{2150E333-8FDC-42A3-9474-1A3956D46DE8}") = "AdminTools", "AdminTools", "{73B9A9F2-36E5-4376-8C32-9CA64CBB910B}"
EndProject
Project("{FAE04EC0-301F-11D3-BF4B-00C04F79EFBC}") = "WdAdminTools", "WdAdminTools\WdAdminTools.csproj", "{003D437E-3634-41E6-AC2E-8AC8B10DEF1D}"
EndProject
Project("{FAE04EC0-301F-11D3-BF4B-00C04F79EFBC}") = "Platform.ProtocolCoding", "Platform.ProtocolCoding\Platform.ProtocolCoding.csproj", "{7924589D-FB3D-4496-8F48-C9DD58FF1574}"
EndProject
Project("{2150E333-8FDC-42A3-9474-1A3956D46DE8}") = "zTestProject", "zTestProject", "{1A8B85F6-2DEB-41AD-B3D0-A8E30A8A75D2}"
EndProject
Project("{FAE04EC0-301F-11D3-BF4B-00C04F79EFBC}") = "TestConsole", "TestConsole\TestConsole.csproj", "{36163146-A970-46FE-A259-A2B01B87C472}"
EndProject
Project("{FAE04EC0-301F-11D3-BF4B-00C04F79EFBC}") = "WdTech_Protocol_AdminTools", "WdTech_Protocol_AdminTools\WdTech_Protocol_AdminTools.csproj", "{7EFF150A-22D6-4062-B626-BE67CFD21CC9}"
EndProject
Project("{FAE04EC0-301F-11D3-BF4B-00C04F79EFBC}") = "MisakaBanZai", "MisakaBanZai\MisakaBanZai.csproj", "{93604FE4-DEB4-41AB-96D8-163E05F853EB}"
EndProject
Project("{FAE04EC0-301F-11D3-BF4B-00C04F79EFBC}") = "Platform.Cache", "Platform.Cache\Platform.Cache.csproj", "{5EE1E1C1-00A8-4D4C-A0EA-55CB528F7ED7}"
EndProject
Project("{2150E333-8FDC-42A3-9474-1A3956D46DE8}") = "ProtocolCoding", "ProtocolCoding", "{9A830392-AC75-4AF0-80C8-ABE30CF0649B}"
EndProject
Project("{2150E333-8FDC-42A3-9474-1A3956D46DE8}") = "MessageQueues", "MessageQueues", "{C957AF4B-A325-4AB0-9AF3-76BF9733181A}"
EndProject
Project("{2150E333-8FDC-42A3-9474-1A3956D46DE8}") = "Services", "Services", "{E85FA44E-743F-424A-A39F-8EACE36D9C71}"
EndProject
Project("{2150E333-8FDC-42A3-9474-1A3956D46DE8}") = "AdminToolServices", "AdminToolServices", "{C2A52726-A90E-4AC7-8F5A-EA809C9CA431}"
EndProject
Project("{FAE04EC0-301F-11D3-BF4B-00C04F79EFBC}") = "AdminControlService", "AdminControlService\AdminControlService.csproj", "{30F98C23-F467-42E4-9756-E2D001FD848A}"
EndProject
Project("{FAE04EC0-301F-11D3-BF4B-00C04F79EFBC}") = "PlatformService", "PlatformService\PlatformService.csproj", "{D94908D6-FFC4-4598-AC77-D33ACC3C2083}"
EndProject
Project("{2150E333-8FDC-42A3-9474-1A3956D46DE8}") = "ServiceHandler", "ServiceHandler", "{6308364F-E8C8-4838-A304-DC6887808B85}"
EndProject
Project("{FAE04EC0-301F-11D3-BF4B-00C04F79EFBC}") = "AdminControlBasicHandler", "AdminControlBasicHandler\AdminControlBasicHandler.csproj", "{B4BD9744-E38B-44D7-91C2-8169481A9B1B}"
EndProject
Project("{FAE04EC0-301F-11D3-BF4B-00C04F79EFBC}") = "ServiceHandler", "ServiceHandler\ServiceHandler.csproj", "{5630351B-8225-4A99-A800-36FE116F2841}"
EndProject
Project("{FAE04EC0-301F-11D3-BF4B-00C04F79EFBC}") = "ClassicCommandCoding", "ClassicCommandCoding\ClassicCommandCoding.csproj", "{30C9F4EB-9BCF-4201-8C1D-9472B60F768B}"
EndProject
Project("{FAE04EC0-301F-11D3-BF4B-00C04F79EFBC}") = "Lampblack_Platform", "Lampblack_Platform\Lampblack_Platform.csproj", "{CAA66364-5455-4121-A20B-48CBC5268149}"
EndProject
Project("{2150E333-8FDC-42A3-9474-1A3956D46DE8}") = "Components", "Components", "{ADAD459B-F78F-4819-9B54-BDF3539F838F}"
EndProject
Project("{FAE04EC0-301F-11D3-BF4B-00C04F79EFBC}") = "MvcWebComponents", "MvcWebComponents\MvcWebComponents.csproj", "{E432923B-9C1E-46E9-B3CA-87550FFD4148}"
EndProject
Project("{2150E333-8FDC-42A3-9474-1A3956D46DE8}") = "ProjectDataInitializer", "ProjectDataInitializer", "{61D7C901-3319-4349-9DEB-28DE889C7179}"
EndProject
Project("{FAE04EC0-301F-11D3-BF4B-00C04F79EFBC}") = "ProjectDataInitializer", "ProjectDataInitializer\ProjectDataInitializer.csproj", "{D79F8C47-22E3-4B7D-B5F2-8D3ED747FD10}"
EndProject
Project("{FAE04EC0-301F-11D3-BF4B-00C04F79EFBC}") = "SqlComponents", "SqlComponents\SqlComponents.csproj", "{A54688DC-6D07-4B0C-8778-51E2B7EAE03D}"
EndProject
Project("{FAE04EC0-301F-11D3-BF4B-00C04F79EFBC}") = "LampblackCommandCoding", "LampblackCommandCoding\LampblackCommandCoding.csproj", "{14641D52-2470-43CB-9BC1-99C601B35E5A}"
EndProject
Project("{FAE04EC0-301F-11D3-BF4B-00C04F79EFBC}") = "AutoDataStaticService", "AutoDataStaticService\AutoDataStaticService.csproj", "{399FA8CD-3370-4856-9588-F6B1E3777B22}"
EndProject
Project("{FAE04EC0-301F-11D3-BF4B-00C04F79EFBC}") = "WebViewModels", "WebViewModels\WebViewModels.csproj", "{C598C73C-2888-41DE-B2E1-ACE502CD57C0}"
EndProject
Project("{FAE04EC0-301F-11D3-BF4B-00C04F79EFBC}") = "DbRepository", "DbRepository\DbRepository.csproj", "{9C1DC47A-0142-4554-A8DC-1C2223ED192A}"
EndProject
Project("{FAE04EC0-301F-11D3-BF4B-00C04F79EFBC}") = "DeviceUnitTestTools", "DeviceUnitTestTools\DeviceUnitTestTools.csproj", "{F36D9ACF-1472-4FCC-AB85-D4631BAC4C78}"
EndProject
Project("{FAE04EC0-301F-11D3-BF4B-00C04F79EFBC}") = "Platform.MessageQueue.Models", "MessageQueue.Models\Platform.MessageQueue.Models.csproj", "{33E6EBA9-A13C-435A-B466-CE02AC279BD2}"
EndProject
Global
	GlobalSection(SolutionConfigurationPlatforms) = preSolution
		Debug|Any CPU = Debug|Any CPU
		Release|Any CPU = Release|Any CPU
	EndGlobalSection
	GlobalSection(ProjectConfigurationPlatforms) = postSolution
		{E4E9C8A0-E605-484C-B14E-5F9302A71386}.Debug|Any CPU.ActiveCfg = Debug|Any CPU
		{E4E9C8A0-E605-484C-B14E-5F9302A71386}.Debug|Any CPU.Build.0 = Debug|Any CPU
		{E4E9C8A0-E605-484C-B14E-5F9302A71386}.Release|Any CPU.ActiveCfg = Release|Any CPU
		{E4E9C8A0-E605-484C-B14E-5F9302A71386}.Release|Any CPU.Build.0 = Release|Any CPU
		{1328EE07-F6C6-4762-8D87-45D026F60DD8}.Debug|Any CPU.ActiveCfg = Debug|Any CPU
		{1328EE07-F6C6-4762-8D87-45D026F60DD8}.Debug|Any CPU.Build.0 = Debug|Any CPU
		{1328EE07-F6C6-4762-8D87-45D026F60DD8}.Release|Any CPU.ActiveCfg = Release|Any CPU
		{1328EE07-F6C6-4762-8D87-45D026F60DD8}.Release|Any CPU.Build.0 = Release|Any CPU
		{95B28F0D-C7D4-479C-AABF-E0F8B4B0E06C}.Debug|Any CPU.ActiveCfg = Debug|Any CPU
		{95B28F0D-C7D4-479C-AABF-E0F8B4B0E06C}.Debug|Any CPU.Build.0 = Debug|Any CPU
		{95B28F0D-C7D4-479C-AABF-E0F8B4B0E06C}.Release|Any CPU.ActiveCfg = Release|Any CPU
		{95B28F0D-C7D4-479C-AABF-E0F8B4B0E06C}.Release|Any CPU.Build.0 = Release|Any CPU
		{3CAF3855-4870-4065-8755-5AF2897BD10A}.Debug|Any CPU.ActiveCfg = Debug|Any CPU
		{3CAF3855-4870-4065-8755-5AF2897BD10A}.Debug|Any CPU.Build.0 = Debug|Any CPU
		{3CAF3855-4870-4065-8755-5AF2897BD10A}.Release|Any CPU.ActiveCfg = Release|Any CPU
		{3CAF3855-4870-4065-8755-5AF2897BD10A}.Release|Any CPU.Build.0 = Release|Any CPU
		{9BB3C321-2F61-4EFE-9315-B1A035470A57}.Debug|Any CPU.ActiveCfg = Debug|Any CPU
		{9BB3C321-2F61-4EFE-9315-B1A035470A57}.Debug|Any CPU.Build.0 = Debug|Any CPU
		{9BB3C321-2F61-4EFE-9315-B1A035470A57}.Release|Any CPU.ActiveCfg = Release|Any CPU
		{9BB3C321-2F61-4EFE-9315-B1A035470A57}.Release|Any CPU.Build.0 = Release|Any CPU
		{003D437E-3634-41E6-AC2E-8AC8B10DEF1D}.Debug|Any CPU.ActiveCfg = Debug|Any CPU
		{003D437E-3634-41E6-AC2E-8AC8B10DEF1D}.Debug|Any CPU.Build.0 = Debug|Any CPU
		{003D437E-3634-41E6-AC2E-8AC8B10DEF1D}.Release|Any CPU.ActiveCfg = Release|Any CPU
		{003D437E-3634-41E6-AC2E-8AC8B10DEF1D}.Release|Any CPU.Build.0 = Release|Any CPU
		{7924589D-FB3D-4496-8F48-C9DD58FF1574}.Debug|Any CPU.ActiveCfg = Debug|Any CPU
		{7924589D-FB3D-4496-8F48-C9DD58FF1574}.Debug|Any CPU.Build.0 = Debug|Any CPU
		{7924589D-FB3D-4496-8F48-C9DD58FF1574}.Release|Any CPU.ActiveCfg = Release|Any CPU
		{7924589D-FB3D-4496-8F48-C9DD58FF1574}.Release|Any CPU.Build.0 = Release|Any CPU
		{36163146-A970-46FE-A259-A2B01B87C472}.Debug|Any CPU.ActiveCfg = Debug|Any CPU
		{36163146-A970-46FE-A259-A2B01B87C472}.Debug|Any CPU.Build.0 = Debug|Any CPU
		{36163146-A970-46FE-A259-A2B01B87C472}.Release|Any CPU.ActiveCfg = Release|Any CPU
		{36163146-A970-46FE-A259-A2B01B87C472}.Release|Any CPU.Build.0 = Release|Any CPU
		{7EFF150A-22D6-4062-B626-BE67CFD21CC9}.Debug|Any CPU.ActiveCfg = Debug|Any CPU
		{7EFF150A-22D6-4062-B626-BE67CFD21CC9}.Debug|Any CPU.Build.0 = Debug|Any CPU
		{7EFF150A-22D6-4062-B626-BE67CFD21CC9}.Release|Any CPU.ActiveCfg = Release|Any CPU
		{7EFF150A-22D6-4062-B626-BE67CFD21CC9}.Release|Any CPU.Build.0 = Release|Any CPU
		{93604FE4-DEB4-41AB-96D8-163E05F853EB}.Debug|Any CPU.ActiveCfg = Debug|Any CPU
		{93604FE4-DEB4-41AB-96D8-163E05F853EB}.Debug|Any CPU.Build.0 = Debug|Any CPU
		{93604FE4-DEB4-41AB-96D8-163E05F853EB}.Release|Any CPU.ActiveCfg = Release|Any CPU
		{93604FE4-DEB4-41AB-96D8-163E05F853EB}.Release|Any CPU.Build.0 = Release|Any CPU
		{5EE1E1C1-00A8-4D4C-A0EA-55CB528F7ED7}.Debug|Any CPU.ActiveCfg = Debug|Any CPU
		{5EE1E1C1-00A8-4D4C-A0EA-55CB528F7ED7}.Debug|Any CPU.Build.0 = Debug|Any CPU
		{5EE1E1C1-00A8-4D4C-A0EA-55CB528F7ED7}.Release|Any CPU.ActiveCfg = Release|Any CPU
		{5EE1E1C1-00A8-4D4C-A0EA-55CB528F7ED7}.Release|Any CPU.Build.0 = Release|Any CPU
		{30F98C23-F467-42E4-9756-E2D001FD848A}.Debug|Any CPU.ActiveCfg = Debug|Any CPU
		{30F98C23-F467-42E4-9756-E2D001FD848A}.Debug|Any CPU.Build.0 = Debug|Any CPU
		{30F98C23-F467-42E4-9756-E2D001FD848A}.Release|Any CPU.ActiveCfg = Release|Any CPU
		{30F98C23-F467-42E4-9756-E2D001FD848A}.Release|Any CPU.Build.0 = Release|Any CPU
		{D94908D6-FFC4-4598-AC77-D33ACC3C2083}.Debug|Any CPU.ActiveCfg = Debug|Any CPU
		{D94908D6-FFC4-4598-AC77-D33ACC3C2083}.Debug|Any CPU.Build.0 = Debug|Any CPU
		{D94908D6-FFC4-4598-AC77-D33ACC3C2083}.Release|Any CPU.ActiveCfg = Release|Any CPU
		{D94908D6-FFC4-4598-AC77-D33ACC3C2083}.Release|Any CPU.Build.0 = Release|Any CPU
		{B4BD9744-E38B-44D7-91C2-8169481A9B1B}.Debug|Any CPU.ActiveCfg = Debug|Any CPU
		{B4BD9744-E38B-44D7-91C2-8169481A9B1B}.Debug|Any CPU.Build.0 = Debug|Any CPU
		{B4BD9744-E38B-44D7-91C2-8169481A9B1B}.Release|Any CPU.ActiveCfg = Release|Any CPU
		{B4BD9744-E38B-44D7-91C2-8169481A9B1B}.Release|Any CPU.Build.0 = Release|Any CPU
		{5630351B-8225-4A99-A800-36FE116F2841}.Debug|Any CPU.ActiveCfg = Debug|Any CPU
		{5630351B-8225-4A99-A800-36FE116F2841}.Debug|Any CPU.Build.0 = Debug|Any CPU
		{5630351B-8225-4A99-A800-36FE116F2841}.Release|Any CPU.ActiveCfg = Release|Any CPU
		{5630351B-8225-4A99-A800-36FE116F2841}.Release|Any CPU.Build.0 = Release|Any CPU
		{30C9F4EB-9BCF-4201-8C1D-9472B60F768B}.Debug|Any CPU.ActiveCfg = Debug|Any CPU
		{30C9F4EB-9BCF-4201-8C1D-9472B60F768B}.Debug|Any CPU.Build.0 = Debug|Any CPU
		{30C9F4EB-9BCF-4201-8C1D-9472B60F768B}.Release|Any CPU.ActiveCfg = Release|Any CPU
		{30C9F4EB-9BCF-4201-8C1D-9472B60F768B}.Release|Any CPU.Build.0 = Release|Any CPU
		{CAA66364-5455-4121-A20B-48CBC5268149}.Debug|Any CPU.ActiveCfg = Debug|Any CPU
		{CAA66364-5455-4121-A20B-48CBC5268149}.Debug|Any CPU.Build.0 = Debug|Any CPU
		{CAA66364-5455-4121-A20B-48CBC5268149}.Release|Any CPU.ActiveCfg = Release|Any CPU
		{CAA66364-5455-4121-A20B-48CBC5268149}.Release|Any CPU.Build.0 = Release|Any CPU
		{E432923B-9C1E-46E9-B3CA-87550FFD4148}.Debug|Any CPU.ActiveCfg = Debug|Any CPU
		{E432923B-9C1E-46E9-B3CA-87550FFD4148}.Debug|Any CPU.Build.0 = Debug|Any CPU
		{E432923B-9C1E-46E9-B3CA-87550FFD4148}.Release|Any CPU.ActiveCfg = Release|Any CPU
		{E432923B-9C1E-46E9-B3CA-87550FFD4148}.Release|Any CPU.Build.0 = Release|Any CPU
		{D79F8C47-22E3-4B7D-B5F2-8D3ED747FD10}.Debug|Any CPU.ActiveCfg = Debug|Any CPU
		{D79F8C47-22E3-4B7D-B5F2-8D3ED747FD10}.Debug|Any CPU.Build.0 = Debug|Any CPU
		{D79F8C47-22E3-4B7D-B5F2-8D3ED747FD10}.Release|Any CPU.ActiveCfg = Release|Any CPU
		{D79F8C47-22E3-4B7D-B5F2-8D3ED747FD10}.Release|Any CPU.Build.0 = Release|Any CPU
		{A54688DC-6D07-4B0C-8778-51E2B7EAE03D}.Debug|Any CPU.ActiveCfg = Debug|Any CPU
		{A54688DC-6D07-4B0C-8778-51E2B7EAE03D}.Debug|Any CPU.Build.0 = Debug|Any CPU
		{A54688DC-6D07-4B0C-8778-51E2B7EAE03D}.Release|Any CPU.ActiveCfg = Release|Any CPU
		{A54688DC-6D07-4B0C-8778-51E2B7EAE03D}.Release|Any CPU.Build.0 = Release|Any CPU
		{14641D52-2470-43CB-9BC1-99C601B35E5A}.Debug|Any CPU.ActiveCfg = Debug|Any CPU
		{14641D52-2470-43CB-9BC1-99C601B35E5A}.Debug|Any CPU.Build.0 = Debug|Any CPU
		{14641D52-2470-43CB-9BC1-99C601B35E5A}.Release|Any CPU.ActiveCfg = Release|Any CPU
		{14641D52-2470-43CB-9BC1-99C601B35E5A}.Release|Any CPU.Build.0 = Release|Any CPU
		{399FA8CD-3370-4856-9588-F6B1E3777B22}.Debug|Any CPU.ActiveCfg = Debug|Any CPU
		{399FA8CD-3370-4856-9588-F6B1E3777B22}.Debug|Any CPU.Build.0 = Debug|Any CPU
		{399FA8CD-3370-4856-9588-F6B1E3777B22}.Release|Any CPU.ActiveCfg = Release|Any CPU
		{399FA8CD-3370-4856-9588-F6B1E3777B22}.Release|Any CPU.Build.0 = Release|Any CPU
		{C598C73C-2888-41DE-B2E1-ACE502CD57C0}.Debug|Any CPU.ActiveCfg = Debug|Any CPU
		{C598C73C-2888-41DE-B2E1-ACE502CD57C0}.Debug|Any CPU.Build.0 = Debug|Any CPU
		{C598C73C-2888-41DE-B2E1-ACE502CD57C0}.Release|Any CPU.ActiveCfg = Release|Any CPU
		{C598C73C-2888-41DE-B2E1-ACE502CD57C0}.Release|Any CPU.Build.0 = Release|Any CPU
		{9C1DC47A-0142-4554-A8DC-1C2223ED192A}.Debug|Any CPU.ActiveCfg = Debug|Any CPU
		{9C1DC47A-0142-4554-A8DC-1C2223ED192A}.Debug|Any CPU.Build.0 = Debug|Any CPU
		{9C1DC47A-0142-4554-A8DC-1C2223ED192A}.Release|Any CPU.ActiveCfg = Release|Any CPU
		{9C1DC47A-0142-4554-A8DC-1C2223ED192A}.Release|Any CPU.Build.0 = Release|Any CPU
		{F36D9ACF-1472-4FCC-AB85-D4631BAC4C78}.Debug|Any CPU.ActiveCfg = Debug|Any CPU
		{F36D9ACF-1472-4FCC-AB85-D4631BAC4C78}.Debug|Any CPU.Build.0 = Debug|Any CPU
		{F36D9ACF-1472-4FCC-AB85-D4631BAC4C78}.Release|Any CPU.ActiveCfg = Release|Any CPU
		{F36D9ACF-1472-4FCC-AB85-D4631BAC4C78}.Release|Any CPU.Build.0 = Release|Any CPU
		{33E6EBA9-A13C-435A-B466-CE02AC279BD2}.Debug|Any CPU.ActiveCfg = Debug|Any CPU
		{33E6EBA9-A13C-435A-B466-CE02AC279BD2}.Debug|Any CPU.Build.0 = Debug|Any CPU
		{33E6EBA9-A13C-435A-B466-CE02AC279BD2}.Release|Any CPU.ActiveCfg = Release|Any CPU
		{33E6EBA9-A13C-435A-B466-CE02AC279BD2}.Release|Any CPU.Build.0 = Release|Any CPU
	EndGlobalSection
	GlobalSection(SolutionProperties) = preSolution
		HideSolutionNode = FALSE
	EndGlobalSection
	GlobalSection(NestedProjects) = preSolution
		{E4E9C8A0-E605-484C-B14E-5F9302A71386} = {54B65C67-3AF2-46B7-B61F-D78E9EE40652}
		{1328EE07-F6C6-4762-8D87-45D026F60DD8} = {DEF75C74-1BFB-4914-86F7-34A93468F73F}
		{95B28F0D-C7D4-479C-AABF-E0F8B4B0E06C} = {FA2AA155-037E-4C5F-BFBE-61EB6112FB9B}
		{3CAF3855-4870-4065-8755-5AF2897BD10A} = {02A70BE2-1106-4495-BCFE-64E88E55C06E}
		{9BB3C321-2F61-4EFE-9315-B1A035470A57} = {8417CC2C-4AC0-489A-B7E3-814B2CC96644}
		{003D437E-3634-41E6-AC2E-8AC8B10DEF1D} = {73B9A9F2-36E5-4376-8C32-9CA64CBB910B}
		{7924589D-FB3D-4496-8F48-C9DD58FF1574} = {9A830392-AC75-4AF0-80C8-ABE30CF0649B}
		{36163146-A970-46FE-A259-A2B01B87C472} = {1A8B85F6-2DEB-41AD-B3D0-A8E30A8A75D2}
		{7EFF150A-22D6-4062-B626-BE67CFD21CC9} = {73B9A9F2-36E5-4376-8C32-9CA64CBB910B}
		{93604FE4-DEB4-41AB-96D8-163E05F853EB} = {73B9A9F2-36E5-4376-8C32-9CA64CBB910B}
		{5EE1E1C1-00A8-4D4C-A0EA-55CB528F7ED7} = {8417CC2C-4AC0-489A-B7E3-814B2CC96644}
		{9A830392-AC75-4AF0-80C8-ABE30CF0649B} = {8417CC2C-4AC0-489A-B7E3-814B2CC96644}
		{C957AF4B-A325-4AB0-9AF3-76BF9733181A} = {E85FA44E-743F-424A-A39F-8EACE36D9C71}
		{C2A52726-A90E-4AC7-8F5A-EA809C9CA431} = {73B9A9F2-36E5-4376-8C32-9CA64CBB910B}
		{30F98C23-F467-42E4-9756-E2D001FD848A} = {C2A52726-A90E-4AC7-8F5A-EA809C9CA431}
		{D94908D6-FFC4-4598-AC77-D33ACC3C2083} = {C2A52726-A90E-4AC7-8F5A-EA809C9CA431}
		{6308364F-E8C8-4838-A304-DC6887808B85} = {C2A52726-A90E-4AC7-8F5A-EA809C9CA431}
		{B4BD9744-E38B-44D7-91C2-8169481A9B1B} = {6308364F-E8C8-4838-A304-DC6887808B85}
		{5630351B-8225-4A99-A800-36FE116F2841} = {6308364F-E8C8-4838-A304-DC6887808B85}
		{30C9F4EB-9BCF-4201-8C1D-9472B60F768B} = {9A830392-AC75-4AF0-80C8-ABE30CF0649B}
		{CAA66364-5455-4121-A20B-48CBC5268149} = {80AEBD73-0D67-436A-9FBB-38092240A79A}
		{E432923B-9C1E-46E9-B3CA-87550FFD4148} = {ADAD459B-F78F-4819-9B54-BDF3539F838F}
		{D79F8C47-22E3-4B7D-B5F2-8D3ED747FD10} = {61D7C901-3319-4349-9DEB-28DE889C7179}
		{A54688DC-6D07-4B0C-8778-51E2B7EAE03D} = {ADAD459B-F78F-4819-9B54-BDF3539F838F}
		{14641D52-2470-43CB-9BC1-99C601B35E5A} = {9A830392-AC75-4AF0-80C8-ABE30CF0649B}
		{399FA8CD-3370-4856-9588-F6B1E3777B22} = {73B9A9F2-36E5-4376-8C32-9CA64CBB910B}
		{C598C73C-2888-41DE-B2E1-ACE502CD57C0} = {54B65C67-3AF2-46B7-B61F-D78E9EE40652}
		{9C1DC47A-0142-4554-A8DC-1C2223ED192A} = {02A70BE2-1106-4495-BCFE-64E88E55C06E}
		{F36D9ACF-1472-4FCC-AB85-D4631BAC4C78} = {73B9A9F2-36E5-4376-8C32-9CA64CBB910B}
		{33E6EBA9-A13C-435A-B466-CE02AC279BD2} = {54B65C67-3AF2-46B7-B61F-D78E9EE40652}
	EndGlobalSection
EndGlobal
